
Microsoft Visual Studio Solution File, Format Version 12.00
# Visual Studio Version 17
VisualStudioVersion = 17.13.35828.75 d17.13
MinimumVisualStudioVersion = 10.0.40219.1
Project("{FAE04EC0-301F-11D3-BF4B-00C04F79EFBC}") = "tiketkeretaapi", "tiketkeretaapi\tiketkeretaapi.csproj", "{E5730E1E-E80A-4BD0-BE7F-A0224005F50E}"
EndProject
Global
	GlobalSection(SolutionConfigurationPlatforms) = preSolution
		Debug|Any CPU = Debug|Any CPU
		Release|Any CPU = Release|Any CPU
	EndGlobalSection
	GlobalSection(ProjectConfigurationPlatforms) = postSolution
		{E5730E1E-E80A-4BD0-BE7F-A0224005F50E}.Debug|Any CPU.ActiveCfg = Debug|Any CPU
		{E5730E1E-E80A-4BD0-BE7F-A0224005F50E}.Debug|Any CPU.Build.0 = Debug|Any CPU
		{E5730E1E-E80A-4BD0-BE7F-A0224005F50E}.Release|Any CPU.ActiveCfg = Release|Any CPU
		{E5730E1E-E80A-4BD0-BE7F-A0224005F50E}.Release|Any CPU.Build.0 = Release|Any CPU
	EndGlobalSection
	GlobalSection(SolutionProperties) = preSolution
		HideSolutionNode = FALSE
	EndGlobalSection
	GlobalSection(ExtensibilityGlobals) = postSolution
		SolutionGuid = {87C89936-7AB0-45CE-A5A8-B224322BA700}
	EndGlobalSection
EndGlobal
